// !$*UTF8*$!
{
	archiveVersion = 1;
	classes = {
	};
	objectVersion = 55;
	objects = {

/* Begin PBXBuildFile section */
		0E08534028CB03E2003B9C39 /* EasyMediaProc.bundle in Resources */ = {isa = PBXBuildFile; fileRef = 0E08533F28CB03E2003B9C39 /* EasyMediaProc.bundle */; };
		0E08535B28CB06C3003B9C39 /* video_convert_mpeg.mpeg in Resources */ = {isa = PBXBuildFile; fileRef = 0E08534128CB06C2003B9C39 /* video_convert_mpeg.mpeg */; };
		0E08535C28CB06C3003B9C39 /* The_Three_Diablos.avi in Resources */ = {isa = PBXBuildFile; fileRef = 0E08534228CB06C2003B9C39 /* The_Three_Diablos.avi */; };
		0E08535D28CB06C3003B9C39 /* audio_mp3.mp3 in Resources */ = {isa = PBXBuildFile; fileRef = 0E08534328CB06C2003B9C39 /* audio_mp3.mp3 */; };
		0E08535E28CB06C3003B9C39 /* i-see-fire.mp4 in Resources */ = {isa = PBXBuildFile; fileRef = 0E08534428CB06C2003B9C39 /* i-see-fire.mp4 */; };
		0E08535F28CB06C3003B9C39 /* NewYork.ttf in Resources */ = {isa = PBXBuildFile; fileRef = 0E08534528CB06C2003B9C39 /* NewYork.ttf */; };
		0E08536028CB06C3003B9C39 /* video_convert_mov.mov in Resources */ = {isa = PBXBuildFile; fileRef = 0E08534628CB06C2003B9C39 /* video_convert_mov.mov */; };
		0E08536128CB06C3003B9C39 /* TearsOfSteel 720p h265.mkv in Resources */ = {isa = PBXBuildFile; fileRef = 0E08534728CB06C2003B9C39 /* TearsOfSteel 720p h265.mkv */; };
		0E08536228CB06C3003B9C39 /* video_convert_flv.flv in Resources */ = {isa = PBXBuildFile; fileRef = 0E08534828CB06C2003B9C39 /* video_convert_flv.flv */; };
		0E08536328CB06C3003B9C39 /* audio_wav.wav in Resources */ = {isa = PBXBuildFile; fileRef = 0E08534928CB06C2003B9C39 /* audio_wav.wav */; };
		0E08536428CB06C3003B9C39 /* audio_flac.flac in Resources */ = {isa = PBXBuildFile; fileRef = 0E08534A28CB06C2003B9C39 /* audio_flac.flac */; };
		0E08536528CB06C3003B9C39 /* video_convert_mkv.mkv in Resources */ = {isa = PBXBuildFile; fileRef = 0E08534B28CB06C2003B9C39 /* video_convert_mkv.mkv */; };
		0E08536628CB06C3003B9C39 /* video_convert_asf.asf in Resources */ = {isa = PBXBuildFile; fileRef = 0E08534C28CB06C2003B9C39 /* video_convert_asf.asf */; };
		0E08536728CB06C3003B9C39 /* speed_play.mkv in Resources */ = {isa = PBXBuildFile; fileRef = 0E08534D28CB06C2003B9C39 /* speed_play.mkv */; };
		0E08536828CB06C3003B9C39 /* audio_wma.wma in Resources */ = {isa = PBXBuildFile; fileRef = 0E08534E28CB06C2003B9C39 /* audio_wma.wma */; };
		0E08536928CB06C3003B9C39 /* video_convert_avi.avi in Resources */ = {isa = PBXBuildFile; fileRef = 0E08534F28CB06C2003B9C39 /* video_convert_avi.avi */; };
		0E08536A28CB06C3003B9C39 /* audio_m4a.m4a in Resources */ = {isa = PBXBuildFile; fileRef = 0E08535028CB06C2003B9C39 /* audio_m4a.m4a */; };
		0E08536B28CB06C3003B9C39 /* speed_2.0.mkv in Resources */ = {isa = PBXBuildFile; fileRef = 0E08535128CB06C3003B9C39 /* speed_2.0.mkv */; };
		0E08536C28CB06C3003B9C39 /* video_h264.h264 in Resources */ = {isa = PBXBuildFile; fileRef = 0E08535228CB06C3003B9C39 /* video_h264.h264 */; };
		0E08536D28CB06C3003B9C39 /* audio_ogg.ogg in Resources */ = {isa = PBXBuildFile; fileRef = 0E08535328CB06C3003B9C39 /* audio_ogg.ogg */; };
		0E08536E28CB06C3003B9C39 /* test_filter.png in Resources */ = {isa = PBXBuildFile; fileRef = 0E08535428CB06C3003B9C39 /* test_filter.png */; };
		0E08536F28CB06C3003B9C39 /* h264.MOV in Resources */ = {isa = PBXBuildFile; fileRef = 0E08535528CB06C3003B9C39 /* h264.MOV */; };
		0E08537028CB06C3003B9C39 /* audio_ac3.ac3 in Resources */ = {isa = PBXBuildFile; fileRef = 0E08535628CB06C3003B9C39 /* audio_ac3.ac3 */; };
		0E08537128CB06C3003B9C39 /* hevc.MOV in Resources */ = {isa = PBXBuildFile; fileRef = 0E08535728CB06C3003B9C39 /* hevc.MOV */; };
		0E08537228CB06C3003B9C39 /* audio_aac.aac in Resources */ = {isa = PBXBuildFile; fileRef = 0E08535828CB06C3003B9C39 /* audio_aac.aac */; };
		0E08537328CB06C3003B9C39 /* audio_aiff.aiff in Resources */ = {isa = PBXBuildFile; fileRef = 0E08535928CB06C3003B9C39 /* audio_aiff.aiff */; };
		0E08537428CB06C3003B9C39 /* video_convert_wmv.wmv in Resources */ = {isa = PBXBuildFile; fileRef = 0E08535A28CB06C3003B9C39 /* video_convert_wmv.wmv */; };
		0E8038B628CAFA7D006FDA59 /* EasyMediaProc.framework in Frameworks */ = {isa = PBXBuildFile; fileRef = 0E8038B528CAFA7D006FDA59 /* EasyMediaProc.framework */; };
		854DB75D2882D2D90007D001 /* AppDelegate.m in Sources */ = {isa = PBXBuildFile; fileRef = 854DB75C2882D2D90007D001 /* AppDelegate.m */; };
		854DB7602882D2D90007D001 /* SceneDelegate.m in Sources */ = {isa = PBXBuildFile; fileRef = 854DB75F2882D2D90007D001 /* SceneDelegate.m */; };
		854DB7662882D2D90007D001 /* Main.storyboard in Resources */ = {isa = PBXBuildFile; fileRef = 854DB7642882D2D90007D001 /* Main.storyboard */; };
		854DB7682882D2DA0007D001 /* Assets.xcassets in Resources */ = {isa = PBXBuildFile; fileRef = 854DB7672882D2DA0007D001 /* Assets.xcassets */; };
		854DB76B2882D2DA0007D001 /* LaunchScreen.storyboard in Resources */ = {isa = PBXBuildFile; fileRef = 854DB7692882D2DA0007D001 /* LaunchScreen.storyboard */; };
		854DB76E2882D2DA0007D001 /* main.m in Sources */ = {isa = PBXBuildFile; fileRef = 854DB76D2882D2DA0007D001 /* main.m */; };
		854DB9912882E86A0007D001 /* VideoListViewController.m in Sources */ = {isa = PBXBuildFile; fileRef = 854DB9692882E86A0007D001 /* VideoListViewController.m */; };
		854DB9922882E86A0007D001 /* VideoToolBoxEncoderViewController.m in Sources */ = {isa = PBXBuildFile; fileRef = 854DB96B2882E86A0007D001 /* VideoToolBoxEncoderViewController.m */; };
		854DB9932882E86A0007D001 /* VideoPlayerViewController.m in Sources */ = {isa = PBXBuildFile; fileRef = 854DB96C2882E86A0007D001 /* VideoPlayerViewController.m */; };
		854DB9B02882E86A0007D001 /* play@3x.png in Resources */ = {isa = PBXBuildFile; fileRef = 854DB98D2882E86A0007D001 /* play@3x.png */; };
		854DB9B12882E86A0007D001 /* pause@3x.png in Resources */ = {isa = PBXBuildFile; fileRef = 854DB98E2882E86A0007D001 /* pause@3x.png */; };
		854DB9B22882E86A0007D001 /* play_full@3x.png in Resources */ = {isa = PBXBuildFile; fileRef = 854DB98F2882E86A0007D001 /* play_full@3x.png */; };
		854DB9B32882E86A0007D001 /* KKPlayerControllView.m in Sources */ = {isa = PBXBuildFile; fileRef = 854DB9902882E86A0007D001 /* KKPlayerControllView.m */; };
		854DB9B62882E9540007D001 /* ViewController.m in Sources */ = {isa = PBXBuildFile; fileRef = 854DB9B42882E9540007D001 /* ViewController.m */; };
		854DB9B92882E9800007D001 /* FFmpegCmdToolsViewController.m in Sources */ = {isa = PBXBuildFile; fileRef = 854DB9B82882E97F0007D001 /* FFmpegCmdToolsViewController.m */; };
		855257BC2882FCE600D999AB /* AudioToolbox.framework in Frameworks */ = {isa = PBXBuildFile; fileRef = 855257BB2882FCE600D999AB /* AudioToolbox.framework */; };
		855257BE2882FCED00D999AB /* VideoToolbox.framework in Frameworks */ = {isa = PBXBuildFile; fileRef = 855257BD2882FCED00D999AB /* VideoToolbox.framework */; };
		855257C02882FCF700D999AB /* libz.tbd in Frameworks */ = {isa = PBXBuildFile; fileRef = 855257BF2882FCF700D999AB /* libz.tbd */; };
		855257C22882FD0600D999AB /* libiconv.tbd in Frameworks */ = {isa = PBXBuildFile; fileRef = 855257C12882FD0600D999AB /* libiconv.tbd */; };
		855257C42882FD1D00D999AB /* libbz2.tbd in Frameworks */ = {isa = PBXBuildFile; fileRef = 855257C32882FD1D00D999AB /* libbz2.tbd */; };
		9A0F06E137B3C19DE8759FAA /* libPods-EasyMediaProcDemo.a in Frameworks */ = {isa = PBXBuildFile; fileRef = 292FD5E79690CD15A20779F4 /* libPods-EasyMediaProcDemo.a */; };
/* End PBXBuildFile section */

/* Begin PBXFileReference section */
		0E08533F28CB03E2003B9C39 /* EasyMediaProc.bundle */ = {isa = PBXFileReference; lastKnownFileType = "wrapper.plug-in"; path = EasyMediaProc.bundle; sourceTree = "<group>"; };
		0E08534128CB06C2003B9C39 /* video_convert_mpeg.mpeg */ = {isa = PBXFileReference; lastKnownFileType = video.mpeg; path = video_convert_mpeg.mpeg; sourceTree = "<group>"; };
		0E08534228CB06C2003B9C39 /* The_Three_Diablos.avi */ = {isa = PBXFileReference; lastKnownFileType = video.avi; path = The_Three_Diablos.avi; sourceTree = "<group>"; };
		0E08534328CB06C2003B9C39 /* audio_mp3.mp3 */ = {isa = PBXFileReference; lastKnownFileType = audio.mp3; path = audio_mp3.mp3; sourceTree = "<group>"; };
		0E08534428CB06C2003B9C39 /* i-see-fire.mp4 */ = {isa = PBXFileReference; lastKnownFileType = file; path = "i-see-fire.mp4"; sourceTree = "<group>"; };
		0E08534528CB06C2003B9C39 /* NewYork.ttf */ = {isa = PBXFileReference; lastKnownFileType = file; path = NewYork.ttf; sourceTree = "<group>"; };
		0E08534628CB06C2003B9C39 /* video_convert_mov.mov */ = {isa = PBXFileReference; lastKnownFileType = video.quicktime; path = video_convert_mov.mov; sourceTree = "<group>"; };
		0E08534728CB06C2003B9C39 /* TearsOfSteel 720p h265.mkv */ = {isa = PBXFileReference; lastKnownFileType = file; path = "TearsOfSteel 720p h265.mkv"; sourceTree = "<group>"; };
		0E08534828CB06C2003B9C39 /* video_convert_flv.flv */ = {isa = PBXFileReference; lastKnownFileType = file; path = video_convert_flv.flv; sourceTree = "<group>"; };
		0E08534928CB06C2003B9C39 /* audio_wav.wav */ = {isa = PBXFileReference; lastKnownFileType = audio.wav; path = audio_wav.wav; sourceTree = "<group>"; };
		0E08534A28CB06C2003B9C39 /* audio_flac.flac */ = {isa = PBXFileReference; lastKnownFileType = file; path = audio_flac.flac; sourceTree = "<group>"; };
		0E08534B28CB06C2003B9C39 /* video_convert_mkv.mkv */ = {isa = PBXFileReference; lastKnownFileType = file; path = video_convert_mkv.mkv; sourceTree = "<group>"; };
		0E08534C28CB06C2003B9C39 /* video_convert_asf.asf */ = {isa = PBXFileReference; lastKnownFileType = file; path = video_convert_asf.asf; sourceTree = "<group>"; };
		0E08534D28CB06C2003B9C39 /* speed_play.mkv */ = {isa = PBXFileReference; lastKnownFileType = file; path = speed_play.mkv; sourceTree = "<group>"; };
		0E08534E28CB06C2003B9C39 /* audio_wma.wma */ = {isa = PBXFileReference; lastKnownFileType = file; path = audio_wma.wma; sourceTree = "<group>"; };
		0E08534F28CB06C2003B9C39 /* video_convert_avi.avi */ = {isa = PBXFileReference; lastKnownFileType = video.avi; path = video_convert_avi.avi; sourceTree = "<group>"; };
		0E08535028CB06C2003B9C39 /* audio_m4a.m4a */ = {isa = PBXFileReference; lastKnownFileType = file; path = audio_m4a.m4a; sourceTree = "<group>"; };
		0E08535128CB06C3003B9C39 /* speed_2.0.mkv */ = {isa = PBXFileReference; lastKnownFileType = file; path = speed_2.0.mkv; sourceTree = "<group>"; };
		0E08535228CB06C3003B9C39 /* video_h264.h264 */ = {isa = PBXFileReference; lastKnownFileType = file; path = video_h264.h264; sourceTree = "<group>"; };
		0E08535328CB06C3003B9C39 /* audio_ogg.ogg */ = {isa = PBXFileReference; lastKnownFileType = file; path = audio_ogg.ogg; sourceTree = "<group>"; };
		0E08535428CB06C3003B9C39 /* test_filter.png */ = {isa = PBXFileReference; lastKnownFileType = image.png; path = test_filter.png; sourceTree = "<group>"; };
		0E08535528CB06C3003B9C39 /* h264.MOV */ = {isa = PBXFileReference; lastKnownFileType = video.quicktime; path = h264.MOV; sourceTree = "<group>"; };
		0E08535628CB06C3003B9C39 /* audio_ac3.ac3 */ = {isa = PBXFileReference; lastKnownFileType = file; path = audio_ac3.ac3; sourceTree = "<group>"; };
		0E08535728CB06C3003B9C39 /* hevc.MOV */ = {isa = PBXFileReference; lastKnownFileType = video.quicktime; path = hevc.MOV; sourceTree = "<group>"; };
		0E08535828CB06C3003B9C39 /* audio_aac.aac */ = {isa = PBXFileReference; lastKnownFileType = file; path = audio_aac.aac; sourceTree = "<group>"; };
		0E08535928CB06C3003B9C39 /* audio_aiff.aiff */ = {isa = PBXFileReference; lastKnownFileType = audio.aiff; path = audio_aiff.aiff; sourceTree = "<group>"; };
		0E08535A28CB06C3003B9C39 /* video_convert_wmv.wmv */ = {isa = PBXFileReference; lastKnownFileType = file; path = video_convert_wmv.wmv; sourceTree = "<group>"; };
		0E8038B528CAFA7D006FDA59 /* EasyMediaProc.framework */ = {isa = PBXFileReference; lastKnownFileType = wrapper.framework; path = EasyMediaProc.framework; sourceTree = "<group>"; };
		292FD5E79690CD15A20779F4 /* libPods-EasyMediaProcDemo.a */ = {isa = PBXFileReference; explicitFileType = archive.ar; includeInIndex = 0; path = "libPods-EasyMediaProcDemo.a"; sourceTree = BUILT_PRODUCTS_DIR; };
		6A543575F7971D402394B204 /* Pods-EasyMediaProcDemo.release.xcconfig */ = {isa = PBXFileReference; includeInIndex = 1; lastKnownFileType = text.xcconfig; name = "Pods-EasyMediaProcDemo.release.xcconfig"; path = "Target Support Files/Pods-EasyMediaProcDemo/Pods-EasyMediaProcDemo.release.xcconfig"; sourceTree = "<group>"; };
		6B40B75B3D665801F6889181 /* Pods-EasyMediaProcDemo.debug.xcconfig */ = {isa = PBXFileReference; includeInIndex = 1; lastKnownFileType = text.xcconfig; name = "Pods-EasyMediaProcDemo.debug.xcconfig"; path = "Target Support Files/Pods-EasyMediaProcDemo/Pods-EasyMediaProcDemo.debug.xcconfig"; sourceTree = "<group>"; };
		854DB7582882D2D90007D001 /* EasyMediaProcDemo.app */ = {isa = PBXFileReference; explicitFileType = wrapper.application; includeInIndex = 0; path = EasyMediaProcDemo.app; sourceTree = BUILT_PRODUCTS_DIR; };
		854DB75B2882D2D90007D001 /* AppDelegate.h */ = {isa = PBXFileReference; lastKnownFileType = sourcecode.c.h; path = AppDelegate.h; sourceTree = "<group>"; };
		854DB75C2882D2D90007D001 /* AppDelegate.m */ = {isa = PBXFileReference; lastKnownFileType = sourcecode.c.objc; path = AppDelegate.m; sourceTree = "<group>"; };
		854DB75E2882D2D90007D001 /* SceneDelegate.h */ = {isa = PBXFileReference; lastKnownFileType = sourcecode.c.h; path = SceneDelegate.h; sourceTree = "<group>"; };
		854DB75F2882D2D90007D001 /* SceneDelegate.m */ = {isa = PBXFileReference; lastKnownFileType = sourcecode.c.objc; path = SceneDelegate.m; sourceTree = "<group>"; };
		854DB7652882D2D90007D001 /* Base */ = {isa = PBXFileReference; lastKnownFileType = file.storyboard; name = Base; path = Base.lproj/Main.storyboard; sourceTree = "<group>"; };
		854DB7672882D2DA0007D001 /* Assets.xcassets */ = {isa = PBXFileReference; lastKnownFileType = folder.assetcatalog; path = Assets.xcassets; sourceTree = "<group>"; };
		854DB76A2882D2DA0007D001 /* Base */ = {isa = PBXFileReference; lastKnownFileType = file.storyboard; name = Base; path = Base.lproj/LaunchScreen.storyboard; sourceTree = "<group>"; };
		854DB76C2882D2DA0007D001 /* Info.plist */ = {isa = PBXFileReference; lastKnownFileType = text.plist.xml; path = Info.plist; sourceTree = "<group>"; };
		854DB76D2882D2DA0007D001 /* main.m */ = {isa = PBXFileReference; lastKnownFileType = sourcecode.c.objc; path = main.m; sourceTree = "<group>"; };
		854DB9682882E86A0007D001 /* KKPlayerControllView.h */ = {isa = PBXFileReference; fileEncoding = 4; lastKnownFileType = sourcecode.c.h; path = KKPlayerControllView.h; sourceTree = "<group>"; };
		854DB9692882E86A0007D001 /* VideoListViewController.m */ = {isa = PBXFileReference; fileEncoding = 4; lastKnownFileType = sourcecode.c.objc; path = VideoListViewController.m; sourceTree = "<group>"; };
		854DB96A2882E86A0007D001 /* VideoToolBoxEncoderViewController.h */ = {isa = PBXFileReference; fileEncoding = 4; lastKnownFileType = sourcecode.c.h; path = VideoToolBoxEncoderViewController.h; sourceTree = "<group>"; };
		854DB96B2882E86A0007D001 /* VideoToolBoxEncoderViewController.m */ = {isa = PBXFileReference; fileEncoding = 4; lastKnownFileType = sourcecode.c.objc; path = VideoToolBoxEncoderViewController.m; sourceTree = "<group>"; };
		854DB96C2882E86A0007D001 /* VideoPlayerViewController.m */ = {isa = PBXFileReference; fileEncoding = 4; lastKnownFileType = sourcecode.c.objc; path = VideoPlayerViewController.m; sourceTree = "<group>"; };
		854DB96D2882E86A0007D001 /* VideoListViewController.h */ = {isa = PBXFileReference; fileEncoding = 4; lastKnownFileType = sourcecode.c.h; path = VideoListViewController.h; sourceTree = "<group>"; };
		854DB96E2882E86A0007D001 /* VideoPlayerViewController.h */ = {isa = PBXFileReference; fileEncoding = 4; lastKnownFileType = sourcecode.c.h; path = VideoPlayerViewController.h; sourceTree = "<group>"; };
		854DB98D2882E86A0007D001 /* play@3x.png */ = {isa = PBXFileReference; lastKnownFileType = image.png; path = "play@3x.png"; sourceTree = "<group>"; };
		854DB98E2882E86A0007D001 /* pause@3x.png */ = {isa = PBXFileReference; lastKnownFileType = image.png; path = "pause@3x.png"; sourceTree = "<group>"; };
		854DB98F2882E86A0007D001 /* play_full@3x.png */ = {isa = PBXFileReference; lastKnownFileType = image.png; path = "play_full@3x.png"; sourceTree = "<group>"; };
		854DB9902882E86A0007D001 /* KKPlayerControllView.m */ = {isa = PBXFileReference; fileEncoding = 4; lastKnownFileType = sourcecode.c.objc; path = KKPlayerControllView.m; sourceTree = "<group>"; };
		854DB9B42882E9540007D001 /* ViewController.m */ = {isa = PBXFileReference; fileEncoding = 4; lastKnownFileType = sourcecode.c.objc; path = ViewController.m; sourceTree = "<group>"; };
		854DB9B52882E9540007D001 /* ViewController.h */ = {isa = PBXFileReference; fileEncoding = 4; lastKnownFileType = sourcecode.c.h; path = ViewController.h; sourceTree = "<group>"; };
		854DB9B72882E97F0007D001 /* FFmpegCmdToolsViewController.h */ = {isa = PBXFileReference; fileEncoding = 4; lastKnownFileType = sourcecode.c.h; path = FFmpegCmdToolsViewController.h; sourceTree = "<group>"; };
		854DB9B82882E97F0007D001 /* FFmpegCmdToolsViewController.m */ = {isa = PBXFileReference; fileEncoding = 4; lastKnownFileType = sourcecode.c.objc; path = FFmpegCmdToolsViewController.m; sourceTree = "<group>"; };
		855257BB2882FCE600D999AB /* AudioToolbox.framework */ = {isa = PBXFileReference; lastKnownFileType = wrapper.framework; name = AudioToolbox.framework; path = System/Library/Frameworks/AudioToolbox.framework; sourceTree = SDKROOT; };
		855257BD2882FCED00D999AB /* VideoToolbox.framework */ = {isa = PBXFileReference; lastKnownFileType = wrapper.framework; name = VideoToolbox.framework; path = System/Library/Frameworks/VideoToolbox.framework; sourceTree = SDKROOT; };
		855257BF2882FCF700D999AB /* libz.tbd */ = {isa = PBXFileReference; lastKnownFileType = "sourcecode.text-based-dylib-definition"; name = libz.tbd; path = usr/lib/libz.tbd; sourceTree = SDKROOT; };
		855257C12882FD0600D999AB /* libiconv.tbd */ = {isa = PBXFileReference; lastKnownFileType = "sourcecode.text-based-dylib-definition"; name = libiconv.tbd; path = usr/lib/libiconv.tbd; sourceTree = SDKROOT; };
		855257C32882FD1D00D999AB /* libbz2.tbd */ = {isa = PBXFileReference; lastKnownFileType = "sourcecode.text-based-dylib-definition"; name = libbz2.tbd; path = usr/lib/libbz2.tbd; sourceTree = SDKROOT; };
/* End PBXFileReference section */

/* Begin PBXFrameworksBuildPhase section */
		854DB7552882D2D90007D001 /* Frameworks */ = {
			isa = PBXFrameworksBuildPhase;
			buildActionMask = 2147483647;
			files = (
				855257C42882FD1D00D999AB /* libbz2.tbd in Frameworks */,
				855257C22882FD0600D999AB /* libiconv.tbd in Frameworks */,
				855257C02882FCF700D999AB /* libz.tbd in Frameworks */,
				855257BE2882FCED00D999AB /* VideoToolbox.framework in Frameworks */,
				0E8038B628CAFA7D006FDA59 /* EasyMediaProc.framework in Frameworks */,
				855257BC2882FCE600D999AB /* AudioToolbox.framework in Frameworks */,
				9A0F06E137B3C19DE8759FAA /* libPods-EasyMediaProcDemo.a in Frameworks */,
			);
			runOnlyForDeploymentPostprocessing = 0;
		};
/* End PBXFrameworksBuildPhase section */

/* Begin PBXGroup section */
		31E77F05E39E6E0E6E154DA1 /* Pods */ = {
			isa = PBXGroup;
			children = (
				6B40B75B3D665801F6889181 /* Pods-EasyMediaProcDemo.debug.xcconfig */,
				6A543575F7971D402394B204 /* Pods-EasyMediaProcDemo.release.xcconfig */,
			);
			path = Pods;
			sourceTree = "<group>";
		};
		5FEFA6B9DD343D03D259FF2C /* Frameworks */ = {
			isa = PBXGroup;
			children = (
				855257C32882FD1D00D999AB /* libbz2.tbd */,
				855257C12882FD0600D999AB /* libiconv.tbd */,
				855257BF2882FCF700D999AB /* libz.tbd */,
				855257BD2882FCED00D999AB /* VideoToolbox.framework */,
				855257BB2882FCE600D999AB /* AudioToolbox.framework */,
				292FD5E79690CD15A20779F4 /* libPods-EasyMediaProcDemo.a */,
			);
			name = Frameworks;
			sourceTree = "<group>";
		};
		854DB74F2882D2D90007D001 = {
			isa = PBXGroup;
			children = (
				854DB9652882E7A90007D001 /* ThirdFrameWorks */,
				854DB75A2882D2D90007D001 /* EasyMediaProcDemo */,
				854DB7592882D2D90007D001 /* Products */,
				31E77F05E39E6E0E6E154DA1 /* Pods */,
				5FEFA6B9DD343D03D259FF2C /* Frameworks */,
			);
			sourceTree = "<group>";
		};
		854DB7592882D2D90007D001 /* Products */ = {
			isa = PBXGroup;
			children = (
				854DB7582882D2D90007D001 /* EasyMediaProcDemo.app */,
			);
			name = Products;
			sourceTree = "<group>";
		};
		854DB75A2882D2D90007D001 /* EasyMediaProcDemo */ = {
			isa = PBXGroup;
			children = (
				854DB96F2882E86A0007D001 /* Media */,
				854DB98C2882E86A0007D001 /* Icons */,
				854DB9682882E86A0007D001 /* KKPlayerControllView.h */,
				854DB9902882E86A0007D001 /* KKPlayerControllView.m */,
				854DB96D2882E86A0007D001 /* VideoListViewController.h */,
				854DB9692882E86A0007D001 /* VideoListViewController.m */,
				854DB96E2882E86A0007D001 /* VideoPlayerViewController.h */,
				854DB96C2882E86A0007D001 /* VideoPlayerViewController.m */,
				854DB96A2882E86A0007D001 /* VideoToolBoxEncoderViewController.h */,
				854DB96B2882E86A0007D001 /* VideoToolBoxEncoderViewController.m */,
				854DB9B72882E97F0007D001 /* FFmpegCmdToolsViewController.h */,
				854DB9B82882E97F0007D001 /* FFmpegCmdToolsViewController.m */,
				854DB9B52882E9540007D001 /* ViewController.h */,
				854DB9B42882E9540007D001 /* ViewController.m */,
				854DB75B2882D2D90007D001 /* AppDelegate.h */,
				854DB75C2882D2D90007D001 /* AppDelegate.m */,
				854DB75E2882D2D90007D001 /* SceneDelegate.h */,
				854DB75F2882D2D90007D001 /* SceneDelegate.m */,
				854DB7642882D2D90007D001 /* Main.storyboard */,
				854DB7672882D2DA0007D001 /* Assets.xcassets */,
				854DB7692882D2DA0007D001 /* LaunchScreen.storyboard */,
				854DB76C2882D2DA0007D001 /* Info.plist */,
				854DB76D2882D2DA0007D001 /* main.m */,
			);
			path = EasyMediaProcDemo;
			sourceTree = "<group>";
		};
		854DB9652882E7A90007D001 /* ThirdFrameWorks */ = {
			isa = PBXGroup;
			children = (
				0E8038B528CAFA7D006FDA59 /* EasyMediaProc.framework */,
			);
			path = ThirdFrameWorks;
			sourceTree = "<group>";
		};
		854DB96F2882E86A0007D001 /* Media */ = {
			isa = PBXGroup;
			children = (
				0E08535828CB06C3003B9C39 /* audio_aac.aac */,
				0E08535628CB06C3003B9C39 /* audio_ac3.ac3 */,
				0E08535928CB06C3003B9C39 /* audio_aiff.aiff */,
				0E08534A28CB06C2003B9C39 /* audio_flac.flac */,
				0E08535028CB06C2003B9C39 /* audio_m4a.m4a */,
				0E08534328CB06C2003B9C39 /* audio_mp3.mp3 */,
				0E08535328CB06C3003B9C39 /* audio_ogg.ogg */,
				0E08534928CB06C2003B9C39 /* audio_wav.wav */,
				0E08534E28CB06C2003B9C39 /* audio_wma.wma */,
				0E08535528CB06C3003B9C39 /* h264.MOV */,
				0E08535728CB06C3003B9C39 /* hevc.MOV */,
				0E08534428CB06C2003B9C39 /* i-see-fire.mp4 */,
				0E08534528CB06C2003B9C39 /* NewYork.ttf */,
				0E08535128CB06C3003B9C39 /* speed_2.0.mkv */,
				0E08534D28CB06C2003B9C39 /* speed_play.mkv */,
				0E08534728CB06C2003B9C39 /* TearsOfSteel 720p h265.mkv */,
				0E08535428CB06C3003B9C39 /* test_filter.png */,
				0E08534228CB06C2003B9C39 /* The_Three_Diablos.avi */,
				0E08534C28CB06C2003B9C39 /* video_convert_asf.asf */,
				0E08534F28CB06C2003B9C39 /* video_convert_avi.avi */,
				0E08534828CB06C2003B9C39 /* video_convert_flv.flv */,
				0E08534B28CB06C2003B9C39 /* video_convert_mkv.mkv */,
				0E08534628CB06C2003B9C39 /* video_convert_mov.mov */,
				0E08534128CB06C2003B9C39 /* video_convert_mpeg.mpeg */,
				0E08535A28CB06C3003B9C39 /* video_convert_wmv.wmv */,
				0E08535228CB06C3003B9C39 /* video_h264.h264 */,
				0E08533F28CB03E2003B9C39 /* EasyMediaProc.bundle */,
			);
			path = Media;
			sourceTree = "<group>";
		};
		854DB98C2882E86A0007D001 /* Icons */ = {
			isa = PBXGroup;
			children = (
				854DB98D2882E86A0007D001 /* play@3x.png */,
				854DB98E2882E86A0007D001 /* pause@3x.png */,
				854DB98F2882E86A0007D001 /* play_full@3x.png */,
			);
			path = Icons;
			sourceTree = "<group>";
		};
/* End PBXGroup section */

/* Begin PBXNativeTarget section */
		854DB7572882D2D90007D001 /* EasyMediaProcDemo */ = {
			isa = PBXNativeTarget;
			buildConfigurationList = 854DB7712882D2DA0007D001 /* Build configuration list for PBXNativeTarget "EasyMediaProcDemo" */;
			buildPhases = (
				C89F780C13120FC5D8166202 /* [CP] Check Pods Manifest.lock */,
				854DB7542882D2D90007D001 /* Sources */,
				854DB7552882D2D90007D001 /* Frameworks */,
				854DB7562882D2D90007D001 /* Resources */,
			);
			buildRules = (
			);
			dependencies = (
			);
			name = EasyMediaProcDemo;
			productName = EasyMediaProcDemo;
			productReference = 854DB7582882D2D90007D001 /* EasyMediaProcDemo.app */;
			productType = "com.apple.product-type.application";
		};
/* End PBXNativeTarget section */

/* Begin PBXProject section */
		854DB7502882D2D90007D001 /* Project object */ = {
			isa = PBXProject;
			attributes = {
				BuildIndependentTargetsInParallel = 1;
				LastUpgradeCheck = 1330;
				TargetAttributes = {
					854DB7572882D2D90007D001 = {
						CreatedOnToolsVersion = 13.3;
					};
				};
			};
			buildConfigurationList = 854DB7532882D2D90007D001 /* Build configuration list for PBXProject "EasyMediaProcDemo" */;
			compatibilityVersion = "Xcode 13.0";
			developmentRegion = en;
			hasScannedForEncodings = 0;
			knownRegions = (
				en,
				Base,
			);
			mainGroup = 854DB74F2882D2D90007D001;
			productRefGroup = 854DB7592882D2D90007D001 /* Products */;
			projectDirPath = "";
			projectRoot = "";
			targets = (
				854DB7572882D2D90007D001 /* EasyMediaProcDemo */,
			);
		};
/* End PBXProject section */

/* Begin PBXResourcesBuildPhase section */
		854DB7562882D2D90007D001 /* Resources */ = {
			isa = PBXResourcesBuildPhase;
			buildActionMask = 2147483647;
			files = (
				0E08536828CB06C3003B9C39 /* audio_wma.wma in Resources */,
				0E08536B28CB06C3003B9C39 /* speed_2.0.mkv in Resources */,
				0E08536228CB06C3003B9C39 /* video_convert_flv.flv in Resources */,
				0E08536428CB06C3003B9C39 /* audio_flac.flac in Resources */,
				854DB9B12882E86A0007D001 /* pause@3x.png in Resources */,
				0E08534028CB03E2003B9C39 /* EasyMediaProc.bundle in Resources */,
				0E08536928CB06C3003B9C39 /* video_convert_avi.avi in Resources */,
				0E08537028CB06C3003B9C39 /* audio_ac3.ac3 in Resources */,
				0E08537128CB06C3003B9C39 /* hevc.MOV in Resources */,
				0E08535D28CB06C3003B9C39 /* audio_mp3.mp3 in Resources */,
				0E08536E28CB06C3003B9C39 /* test_filter.png in Resources */,
				854DB76B2882D2DA0007D001 /* LaunchScreen.storyboard in Resources */,
				0E08536628CB06C3003B9C39 /* video_convert_asf.asf in Resources */,
				0E08536C28CB06C3003B9C39 /* video_h264.h264 in Resources */,
				0E08536028CB06C3003B9C39 /* video_convert_mov.mov in Resources */,
				854DB9B22882E86A0007D001 /* play_full@3x.png in Resources */,
				854DB7682882D2DA0007D001 /* Assets.xcassets in Resources */,
				0E08536328CB06C3003B9C39 /* audio_wav.wav in Resources */,
				0E08537428CB06C3003B9C39 /* video_convert_wmv.wmv in Resources */,
				0E08535F28CB06C3003B9C39 /* NewYork.ttf in Resources */,
				0E08536728CB06C3003B9C39 /* speed_play.mkv in Resources */,
				0E08536528CB06C3003B9C39 /* video_convert_mkv.mkv in Resources */,
				0E08537228CB06C3003B9C39 /* audio_aac.aac in Resources */,
				0E08535B28CB06C3003B9C39 /* video_convert_mpeg.mpeg in Resources */,
				0E08536F28CB06C3003B9C39 /* h264.MOV in Resources */,
				0E08535C28CB06C3003B9C39 /* The_Three_Diablos.avi in Resources */,
				0E08536D28CB06C3003B9C39 /* audio_ogg.ogg in Resources */,
				0E08537328CB06C3003B9C39 /* audio_aiff.aiff in Resources */,
				0E08535E28CB06C3003B9C39 /* i-see-fire.mp4 in Resources */,
				0E08536128CB06C3003B9C39 /* TearsOfSteel 720p h265.mkv in Resources */,
				854DB7662882D2D90007D001 /* Main.storyboard in Resources */,
				0E08536A28CB06C3003B9C39 /* audio_m4a.m4a in Resources */,
				854DB9B02882E86A0007D001 /* play@3x.png in Resources */,
			);
			runOnlyForDeploymentPostprocessing = 0;
		};
/* End PBXResourcesBuildPhase section */

/* Begin PBXShellScriptBuildPhase section */
		C89F780C13120FC5D8166202 /* [CP] Check Pods Manifest.lock */ = {
			isa = PBXShellScriptBuildPhase;
			buildActionMask = 2147483647;
			files = (
			);
			inputFileListPaths = (
			);
			inputPaths = (
				"${PODS_PODFILE_DIR_PATH}/Podfile.lock",
				"${PODS_ROOT}/Manifest.lock",
			);
			name = "[CP] Check Pods Manifest.lock";
			outputFileListPaths = (
			);
			outputPaths = (
				"$(DERIVED_FILE_DIR)/Pods-EasyMediaProcDemo-checkManifestLockResult.txt",
			);
			runOnlyForDeploymentPostprocessing = 0;
			shellPath = /bin/sh;
			shellScript = "diff \"${PODS_PODFILE_DIR_PATH}/Podfile.lock\" \"${PODS_ROOT}/Manifest.lock\" > /dev/null\nif [ $? != 0 ] ; then\n    # print error to STDERR\n    echo \"error: The sandbox is not in sync with the Podfile.lock. Run 'pod install' or update your CocoaPods installation.\" >&2\n    exit 1\nfi\n# This output is used by Xcode 'outputs' to avoid re-running this script phase.\necho \"SUCCESS\" > \"${SCRIPT_OUTPUT_FILE_0}\"\n";
			showEnvVarsInLog = 0;
		};
/* End PBXShellScriptBuildPhase section */

/* Begin PBXSourcesBuildPhase section */
		854DB7542882D2D90007D001 /* Sources */ = {
			isa = PBXSourcesBuildPhase;
			buildActionMask = 2147483647;
			files = (
				854DB9932882E86A0007D001 /* VideoPlayerViewController.m in Sources */,
				854DB9912882E86A0007D001 /* VideoListViewController.m in Sources */,
				854DB9B62882E9540007D001 /* ViewController.m in Sources */,
				854DB75D2882D2D90007D001 /* AppDelegate.m in Sources */,
				854DB9B92882E9800007D001 /* FFmpegCmdToolsViewController.m in Sources */,
				854DB9B32882E86A0007D001 /* KKPlayerControllView.m in Sources */,
				854DB76E2882D2DA0007D001 /* main.m in Sources */,
				854DB7602882D2D90007D001 /* SceneDelegate.m in Sources */,
				854DB9922882E86A0007D001 /* VideoToolBoxEncoderViewController.m in Sources */,
			);
			runOnlyForDeploymentPostprocessing = 0;
		};
/* End PBXSourcesBuildPhase section */

/* Begin PBXVariantGroup section */
		854DB7642882D2D90007D001 /* Main.storyboard */ = {
			isa = PBXVariantGroup;
			children = (
				854DB7652882D2D90007D001 /* Base */,
			);
			name = Main.storyboard;
			sourceTree = "<group>";
		};
		854DB7692882D2DA0007D001 /* LaunchScreen.storyboard */ = {
			isa = PBXVariantGroup;
			children = (
				854DB76A2882D2DA0007D001 /* Base */,
			);
			name = LaunchScreen.storyboard;
			sourceTree = "<group>";
		};
/* End PBXVariantGroup section */

/* Begin XCBuildConfiguration section */
		854DB76F2882D2DA0007D001 /* Debug */ = {
			isa = XCBuildConfiguration;
			buildSettings = {
				ALWAYS_SEARCH_USER_PATHS = NO;
				CLANG_ANALYZER_NONNULL = YES;
				CLANG_ANALYZER_NUMBER_OBJECT_CONVERSION = YES_AGGRESSIVE;
				CLANG_CXX_LANGUAGE_STANDARD = "gnu++17";
				CLANG_ENABLE_MODULES = YES;
				CLANG_ENABLE_OBJC_ARC = YES;
				CLANG_ENABLE_OBJC_WEAK = YES;
				CLANG_WARN_BLOCK_CAPTURE_AUTORELEASING = YES;
				CLANG_WARN_BOOL_CONVERSION = YES;
				CLANG_WARN_COMMA = YES;
				CLANG_WARN_CONSTANT_CONVERSION = YES;
				CLANG_WARN_DEPRECATED_OBJC_IMPLEMENTATIONS = YES;
				CLANG_WARN_DIRECT_OBJC_ISA_USAGE = YES_ERROR;
				CLANG_WARN_DOCUMENTATION_COMMENTS = YES;
				CLANG_WARN_EMPTY_BODY = YES;
				CLANG_WARN_ENUM_CONVERSION = YES;
				CLANG_WARN_INFINITE_RECURSION = YES;
				CLANG_WARN_INT_CONVERSION = YES;
				CLANG_WARN_NON_LITERAL_NULL_CONVERSION = YES;
				CLANG_WARN_OBJC_IMPLICIT_RETAIN_SELF = YES;
				CLANG_WARN_OBJC_LITERAL_CONVERSION = YES;
				CLANG_WARN_OBJC_ROOT_CLASS = YES_ERROR;
				CLANG_WARN_QUOTED_INCLUDE_IN_FRAMEWORK_HEADER = YES;
				CLANG_WARN_RANGE_LOOP_ANALYSIS = YES;
				CLANG_WARN_STRICT_PROTOTYPES = YES;
				CLANG_WARN_SUSPICIOUS_MOVE = YES;
				CLANG_WARN_UNGUARDED_AVAILABILITY = YES_AGGRESSIVE;
				CLANG_WARN_UNREACHABLE_CODE = YES;
				CLANG_WARN__DUPLICATE_METHOD_MATCH = YES;
				COPY_PHASE_STRIP = NO;
				DEBUG_INFORMATION_FORMAT = dwarf;
				ENABLE_STRICT_OBJC_MSGSEND = YES;
				ENABLE_TESTABILITY = YES;
				GCC_C_LANGUAGE_STANDARD = gnu11;
				GCC_DYNAMIC_NO_PIC = NO;
				GCC_NO_COMMON_BLOCKS = YES;
				GCC_OPTIMIZATION_LEVEL = 0;
				GCC_PREPROCESSOR_DEFINITIONS = (
					"DEBUG=1",
					"$(inherited)",
				);
				GCC_WARN_64_TO_32_BIT_CONVERSION = YES;
				GCC_WARN_ABOUT_RETURN_TYPE = YES_ERROR;
				GCC_WARN_UNDECLARED_SELECTOR = YES;
				GCC_WARN_UNINITIALIZED_AUTOS = YES_AGGRESSIVE;
				GCC_WARN_UNUSED_FUNCTION = YES;
				GCC_WARN_UNUSED_VARIABLE = YES;
				IPHONEOS_DEPLOYMENT_TARGET = 15.4;
				MTL_ENABLE_DEBUG_INFO = INCLUDE_SOURCE;
				MTL_FAST_MATH = YES;
				ONLY_ACTIVE_ARCH = YES;
				SDKROOT = iphoneos;
			};
			name = Debug;
		};
		854DB7702882D2DA0007D001 /* Release */ = {
			isa = XCBuildConfiguration;
			buildSettings = {
				ALWAYS_SEARCH_USER_PATHS = NO;
				CLANG_ANALYZER_NONNULL = YES;
				CLANG_ANALYZER_NUMBER_OBJECT_CONVERSION = YES_AGGRESSIVE;
				CLANG_CXX_LANGUAGE_STANDARD = "gnu++17";
				CLANG_ENABLE_MODULES = YES;
				CLANG_ENABLE_OBJC_ARC = YES;
				CLANG_ENABLE_OBJC_WEAK = YES;
				CLANG_WARN_BLOCK_CAPTURE_AUTORELEASING = YES;
				CLANG_WARN_BOOL_CONVERSION = YES;
				CLANG_WARN_COMMA = YES;
				CLANG_WARN_CONSTANT_CONVERSION = YES;
				CLANG_WARN_DEPRECATED_OBJC_IMPLEMENTATIONS = YES;
				CLANG_WARN_DIRECT_OBJC_ISA_USAGE = YES_ERROR;
				CLANG_WARN_DOCUMENTATION_COMMENTS = YES;
				CLANG_WARN_EMPTY_BODY = YES;
				CLANG_WARN_ENUM_CONVERSION = YES;
				CLANG_WARN_INFINITE_RECURSION = YES;
				CLANG_WARN_INT_CONVERSION = YES;
				CLANG_WARN_NON_LITERAL_NULL_CONVERSION = YES;
				CLANG_WARN_OBJC_IMPLICIT_RETAIN_SELF = YES;
				CLANG_WARN_OBJC_LITERAL_CONVERSION = YES;
				CLANG_WARN_OBJC_ROOT_CLASS = YES_ERROR;
				CLANG_WARN_QUOTED_INCLUDE_IN_FRAMEWORK_HEADER = YES;
				CLANG_WARN_RANGE_LOOP_ANALYSIS = YES;
				CLANG_WARN_STRICT_PROTOTYPES = YES;
				CLANG_WARN_SUSPICIOUS_MOVE = YES;
				CLANG_WARN_UNGUARDED_AVAILABILITY = YES_AGGRESSIVE;
				CLANG_WARN_UNREACHABLE_CODE = YES;
				CLANG_WARN__DUPLICATE_METHOD_MATCH = YES;
				COPY_PHASE_STRIP = NO;
				DEBUG_INFORMATION_FORMAT = "dwarf-with-dsym";
				ENABLE_NS_ASSERTIONS = NO;
				ENABLE_STRICT_OBJC_MSGSEND = YES;
				GCC_C_LANGUAGE_STANDARD = gnu11;
				GCC_NO_COMMON_BLOCKS = YES;
				GCC_WARN_64_TO_32_BIT_CONVERSION = YES;
				GCC_WARN_ABOUT_RETURN_TYPE = YES_ERROR;
				GCC_WARN_UNDECLARED_SELECTOR = YES;
				GCC_WARN_UNINITIALIZED_AUTOS = YES_AGGRESSIVE;
				GCC_WARN_UNUSED_FUNCTION = YES;
				GCC_WARN_UNUSED_VARIABLE = YES;
				IPHONEOS_DEPLOYMENT_TARGET = 15.4;
				MTL_ENABLE_DEBUG_INFO = NO;
				MTL_FAST_MATH = YES;
				SDKROOT = iphoneos;
				VALIDATE_PRODUCT = YES;
			};
			name = Release;
		};
		854DB7722882D2DA0007D001 /* Debug */ = {
			isa = XCBuildConfiguration;
			baseConfigurationReference = 6B40B75B3D665801F6889181 /* Pods-EasyMediaProcDemo.debug.xcconfig */;
			buildSettings = {
				ASSETCATALOG_COMPILER_APPICON_NAME = AppIcon;
				ASSETCATALOG_COMPILER_GLOBAL_ACCENT_COLOR_NAME = AccentColor;
				CODE_SIGN_IDENTITY = "iPhone Distribution";
				CODE_SIGN_STYLE = Manual;
				CURRENT_PROJECT_VERSION = 1;
				DEVELOPMENT_TEAM = HKB8WPFBR9;
				FRAMEWORK_SEARCH_PATHS = (
					"$(inherited)",
					"$(PROJECT_DIR)/ThirdFrameWorks",
				);
				GENERATE_INFOPLIST_FILE = YES;
				INFOPLIST_FILE = EasyMediaProcDemo/Info.plist;
				INFOPLIST_KEY_NSAppleMusicUsageDescription = "访问相册";
				INFOPLIST_KEY_NSCameraUsageDescription = "使用相机";
				INFOPLIST_KEY_NSMicrophoneUsageDescription = "使用麦克风";
				INFOPLIST_KEY_NSPhotoLibraryAddUsageDescription = "访问相册";
				INFOPLIST_KEY_UIApplicationSupportsIndirectInputEvents = YES;
				INFOPLIST_KEY_UILaunchStoryboardName = LaunchScreen;
				INFOPLIST_KEY_UIMainStoryboardFile = Main;
				INFOPLIST_KEY_UISupportedInterfaceOrientations_iPad = "UIInterfaceOrientationPortrait UIInterfaceOrientationPortraitUpsideDown UIInterfaceOrientationLandscapeLeft UIInterfaceOrientationLandscapeRight";
				INFOPLIST_KEY_UISupportedInterfaceOrientations_iPhone = "UIInterfaceOrientationPortrait UIInterfaceOrientationLandscapeLeft UIInterfaceOrientationLandscapeRight";
				IPHONEOS_DEPLOYMENT_TARGET = 9.0;
				LD_RUNPATH_SEARCH_PATHS = (
					"$(inherited)",
					"@executable_path/Frameworks",
				);
				LIBRARY_SEARCH_PATHS = (
					"$(inherited)",
					"$(PROJECT_DIR)/EasyMediaProc/EasyMediaProc/Core/Library/lame/lib",
					"$(PROJECT_DIR)/EasyMediaProc/EasyMediaProc/Core/Library/ffmpeg/lib",
					"$(PROJECT_DIR)/EasyMediaProc/EasyMediaProc/Core/Library/fdk-aac/lib",
					"$(PROJECT_DIR)/EasyMediaProc/EasyMediaProc/Core/Library/freetype/lib",
					"$(PROJECT_DIR)/EasyMediaProc/EasyMediaProc/Core/Library/x264/lib",
				);
				MARKETING_VERSION = 1.0;
				PRODUCT_BUNDLE_IDENTIFIER = com.tencent.xytl;
				PRODUCT_NAME = "$(TARGET_NAME)";
				PROVISIONING_PROFILE_SPECIFIER = "* InHouse";
				SWIFT_EMIT_LOC_STRINGS = YES;
				TARGETED_DEVICE_FAMILY = "1,2";
			};
			name = Debug;
		};
		854DB7732882D2DA0007D001 /* Release */ = {
			isa = XCBuildConfiguration;
			baseConfigurationReference = 6A543575F7971D402394B204 /* Pods-EasyMediaProcDemo.release.xcconfig */;
			buildSettings = {
				ASSETCATALOG_COMPILER_APPICON_NAME = AppIcon;
				ASSETCATALOG_COMPILER_GLOBAL_ACCENT_COLOR_NAME = AccentColor;
				CODE_SIGN_IDENTITY = "iPhone Distribution";
				CODE_SIGN_STYLE = Manual;
				CURRENT_PROJECT_VERSION = 1;
				DEVELOPMENT_TEAM = HKB8WPFBR9;
				FRAMEWORK_SEARCH_PATHS = (
					"$(inherited)",
					"$(PROJECT_DIR)/ThirdFrameWorks",
				);
				GENERATE_INFOPLIST_FILE = YES;
				INFOPLIST_FILE = EasyMediaProcDemo/Info.plist;
				INFOPLIST_KEY_NSAppleMusicUsageDescription = "访问相册";
				INFOPLIST_KEY_NSCameraUsageDescription = "使用相机";
				INFOPLIST_KEY_NSMicrophoneUsageDescription = "使用麦克风";
				INFOPLIST_KEY_NSPhotoLibraryAddUsageDescription = "访问相册";
				INFOPLIST_KEY_UIApplicationSupportsIndirectInputEvents = YES;
				INFOPLIST_KEY_UILaunchStoryboardName = LaunchScreen;
				INFOPLIST_KEY_UIMainStoryboardFile = Main;
				INFOPLIST_KEY_UISupportedInterfaceOrientations_iPad = "UIInterfaceOrientationPortrait UIInterfaceOrientationPortraitUpsideDown UIInterfaceOrientationLandscapeLeft UIInterfaceOrientationLandscapeRight";
				INFOPLIST_KEY_UISupportedInterfaceOrientations_iPhone = "UIInterfaceOrientationPortrait UIInterfaceOrientationLandscapeLeft UIInterfaceOrientationLandscapeRight";
				IPHONEOS_DEPLOYMENT_TARGET = 9.0;
				LD_RUNPATH_SEARCH_PATHS = (
					"$(inherited)",
					"@executable_path/Frameworks",
				);
				LIBRARY_SEARCH_PATHS = (
					"$(inherited)",
					"$(PROJECT_DIR)/EasyMediaProc/EasyMediaProc/Core/Library/lame/lib",
					"$(PROJECT_DIR)/EasyMediaProc/EasyMediaProc/Core/Library/ffmpeg/lib",
					"$(PROJECT_DIR)/EasyMediaProc/EasyMediaProc/Core/Library/fdk-aac/lib",
					"$(PROJECT_DIR)/EasyMediaProc/EasyMediaProc/Core/Library/freetype/lib",
					"$(PROJECT_DIR)/EasyMediaProc/EasyMediaProc/Core/Library/x264/lib",
				);
				MARKETING_VERSION = 1.0;
				PRODUCT_BUNDLE_IDENTIFIER = com.tencent.xytl;
				PRODUCT_NAME = "$(TARGET_NAME)";
				PROVISIONING_PROFILE_SPECIFIER = WSRD;
				SWIFT_EMIT_LOC_STRINGS = YES;
				TARGETED_DEVICE_FAMILY = "1,2";
			};
			name = Release;
		};
/* End XCBuildConfiguration section */

/* Begin XCConfigurationList section */
		854DB7532882D2D90007D001 /* Build configuration list for PBXProject "EasyMediaProcDemo" */ = {
			isa = XCConfigurationList;
			buildConfigurations = (
				854DB76F2882D2DA0007D001 /* Debug */,
				854DB7702882D2DA0007D001 /* Release */,
			);
			defaultConfigurationIsVisible = 0;
			defaultConfigurationName = Release;
		};
		854DB7712882D2DA0007D001 /* Build configuration list for PBXNativeTarget "EasyMediaProcDemo" */ = {
			isa = XCConfigurationList;
			buildConfigurations = (
				854DB7722882D2DA0007D001 /* Debug */,
				854DB7732882D2DA0007D001 /* Release */,
			);
			defaultConfigurationIsVisible = 0;
			defaultConfigurationName = Release;
		};
/* End XCConfigurationList section */
	};
	rootObject = 854DB7502882D2D90007D001 /* Project object */;
}
